{
  "originHash" : "261312830ff22dc5ff6ae098a5fc98a1f02e7efde8beebaae449d4d714d17c22",
  "pins" : [
    {
      "identity" : "maplibre-gl-native-distribution",
      "kind" : "remoteSourceControl",
      "location" : "https://github.com/maplibre/maplibre-gl-native-distribution",
      "state" : {
        "revision" : "c058a28015c1fcb733edae754b09ee9cb8c1984b",
        "version" : "6.18.0"
      }
    },
    {
      "identity" : "mockable",
      "kind" : "remoteSourceControl",
      "location" : "https://github.com/Kolos65/Mockable.git",
      "state" : {
        "revision" : "ee133a696dce312da292b00d0944aafaa808eaca",
        "version" : "0.4.0"
      }
    },
    {
      "identity" : "swift-syntax",
      "kind" : "remoteSourceControl",
      "location" : "https://github.com/swiftlang/swift-syntax.git",
      "state" : {
        "revision" : "f99ae8aa18f0cf0d53481901f88a0991dc3bd4a2",
        "version" : "601.0.1"
      }
    },
    {
      "identity" : "swiftui-dsl",
      "kind" : "remoteSourceControl",
      "location" : "https://github.com/maplibre/swiftui-dsl",
      "state" : {
        "branch" : "main",
        "revision" : "4dc382094149cfb4c56d5434dd199cca0e19d586"
      }
    },
    {
      "identity" : "xctest-dynamic-overlay",
      "kind" : "remoteSourceControl",
      "location" : "https://github.com/pointfreeco/xctest-dynamic-overlay",
      "state" : {
        "revision" : "b2ed9eabefe56202ee4939dd9fc46b6241c88317",
        "version" : "1.6.1"
      }
    }
  ],
  "version" : 3
}
